#
# This file is autogenerated by pip-compile with Python 3.11
# by the following command:
#
#    pip-compile --generate-hashes --output-file=requirements.lock pyproject.toml
#
annotated-doc==0.0.4 \
    --hash=sha256:571ac1dc6991c450b25a9c2d84a3705e2ae7a53467b5d111c24fa8baabbed320 \
    --hash=sha256:fbcda96e87e9c92ad167c2e53839e57503ecfda18804ea28102353485033faa4
    # via fastapi
annotated-types==0.7.0 \
    --hash=sha256:1f02e8b43a8fbbc3f3e0d4f0f4bfc8131bcb4eebe8849b8e5c773f3a1c582a53 \
    --hash=sha256:aff07c09a53a08bc8cfccb9c85b05f1aa9a2a6f23728d790723543408344ce89
    # via pydantic
anyio==4.13.0 \
    --hash=sha256:08b310f9e24a9594186fd75b4f73f4a4152069e3853f1ed8bfbf58369f4ad708 \
    --hash=sha256:334b70e641fd2221c1505b3890c69882fe4a2df910cba14d97019b90b24439dc
    # via starlette
click==8.3.3 \
    --hash=sha256:398329ad4837b2ff7cbe1dd166a4c0f8900c3ca3a218de04466f38f6497f18a2 \
    --hash=sha256:a2bf429bb3033c89fa4936ffb35d5cb471e3719e1f3c8a7c3fff0b8314305613
    # via uvicorn
fastapi==0.136.1 \
    --hash=sha256:7af665ad7acfa0a3baf8983d393b6b471b9da10ede59c60045f49fbc89a0fa7f \
    --hash=sha256:a6e9d7eeada96c93a4d69cb03836b44fa34e2854accb7244a1ece36cd4781c3f
    # via iplaid (pyproject.toml)
h11==0.16.0 \
    --hash=sha256:4e35b956cf45792e4caa5885e69fba00bdbc6ffafbfa020300e549b208ee5ff1 \
    --hash=sha256:63cf8bbe7522de3bf65932fda1d9c2772064ffb3dae62d55932da54b31cb6c86
    # via uvicorn
idna==3.13 \
    --hash=sha256:585ea8fe5d69b9181ec1afba340451fba6ba764af97026f92a91d4eef164a242 \
    --hash=sha256:892ea0cde124a99ce773decba204c5552b69c3c67ffd5f232eb7696135bc8bb3
    # via anyio
numpy==2.4.4 \
    --hash=sha256:07077278157d02f65c43b1b26a3886bce886f95d20aabd11f87932750dfb14ed \
    --hash=sha256:08f2e31ed5e6f04b118e49821397f12767934cfdd12a1ce86a058f91e004ee50 \
    --hash=sha256:0aec54fd785890ecca25a6003fd9a5aed47ad607bbac5cd64f836ad8666f4959 \
    --hash=sha256:0d35aea54ad1d420c812bfa0385c71cd7cc5bcf7c65fed95fc2cd02fe8c79827 \
    --hash=sha256:0d4e437e295f18ec29bc79daf55e8a47a9113df44d66f702f02a293d93a2d6dd \
    --hash=sha256:0dfd3f9d3adbe2920b68b5cd3d51444e13a10792ec7154cd0a2f6e74d4ab3233 \
    --hash=sha256:1378871da56ca8943c2ba674530924bb8ca40cd228358a3b5f302ad60cf875fc \
    --hash=sha256:15716cfef24d3a9762e3acdf87e27f58dc823d1348f765bbea6bef8c639bfa1b \
    --hash=sha256:19710a9ca9992d7174e9c52f643d4272dcd1558c5f7af7f6f8190f633bd651a7 \
    --hash=sha256:23cbfd4c17357c81021f21540da84ee282b9c8fba38a03b7b9d09ba6b951421e \
    --hash=sha256:2483e4584a1cb3092da4470b38866634bafb223cbcd551ee047633fd2584599a \
    --hash=sha256:27a8d92cd10f1382a67d7cf4db7ce18341b66438bdd9f691d7b0e48d104c2a9d \
    --hash=sha256:28a650663f7314afc3e6ec620f44f333c386aad9f6fc472030865dc0ebb26ee3 \
    --hash=sha256:2aa0613a5177c264ff5921051a5719d20095ea586ca88cc802c5c218d1c67d3e \
    --hash=sha256:2c194dd721e54ecad9ad387c1d35e63dce5c4450c6dc7dd5611283dda239aabb \
    --hash=sha256:2d19e6e2095506d1736b7d80595e0f252d76b89f5e715c35e06e937679ea7d7a \
    --hash=sha256:2d390634c5182175533585cc89f3608a4682ccb173cc9bb940b2881c8d6f8fa0 \
    --hash=sha256:30caa73029a225b2d40d9fae193e008e24b2026b7ee1a867b7ee8d96ca1a448e \
    --hash=sha256:42c16925aa5a02362f986765f9ebabf20de75cdefdca827d14315c568dcab113 \
    --hash=sha256:45dbed2ab436a9e826e302fcdcbe9133f9b0006e5af7168afb8963a6520da103 \
    --hash=sha256:4636de7fd195197b7535f231b5de9e4b36d2c440b6e566d2e4e4746e6af0ca93 \
    --hash=sha256:4a19d9dba1a76618dd86b164d608566f393f8ec6ac7c44f0cc879011c45e65af \
    --hash=sha256:4bbc7f303d125971f60ec0aaad5e12c62d0d2c925f0ab1273debd0e4ba37aba5 \
    --hash=sha256:4d6d57903571f86180eb98f8f0c839fa9ebbfb031356d87f1361be91e433f5b7 \
    --hash=sha256:4e874c976154687c1f71715b034739b45c7711bec81db01914770373d125e392 \
    --hash=sha256:51fc224f7ca4d92656d5a5eb315f12eb5fe2c97a66249aa7b5f562528a3be38c \
    --hash=sha256:58c8b5929fcb8287cbd6f0a3fae19c6e03a5c48402ae792962ac465224a629a4 \
    --hash=sha256:5a285b3b96f951841799528cd1f4f01cd70e7e0204b4abebac9463eecfcf2a40 \
    --hash=sha256:5c70f1cc1c4efbe316a572e2d8b9b9cc44e89b95f79ca3331553fbb63716e2bf \
    --hash=sha256:62d6b0f03b694173f9fcb1fb317f7222fd0b0b103e784c6549f5e53a27718c44 \
    --hash=sha256:6a246d5914aa1c820c9443ddcee9c02bec3e203b0c080349533fae17727dfd1b \
    --hash=sha256:6aa3236c78803afbcb255045fbef97a9e25a1f6c9888357d205ddc42f4d6eba5 \
    --hash=sha256:6bbe4eb67390b0a0265a2c25458f6b90a409d5d069f1041e6aff1e27e3d9a79e \
    --hash=sha256:715d1c092715954784bc79e1174fc2a90093dc4dc84ea15eb14dad8abdcdeb74 \
    --hash=sha256:72944b19f2324114e9dc86a159787333b77874143efcf89a5167ef83cfee8af0 \
    --hash=sha256:81f4a14bee47aec54f883e0cad2d73986640c1590eb9bfaaba7ad17394481e6e \
    --hash=sha256:846300f379b5b12cc769334464656bc882e0735d27d9726568bc932fdc49d5ec \
    --hash=sha256:86b6f55f5a352b48d7fbfd2dbc3d5b780b2d79f4d3c121f33eb6efb22e9a2015 \
    --hash=sha256:874f200b2a981c647340f841730fc3a2b54c9d940566a3c4149099591e2c4c3d \
    --hash=sha256:8a87ec22c87be071b6bdbd27920b129b94f2fc964358ce38f3822635a3e2e03d \
    --hash=sha256:8b3b60bb7cba2c8c81837661c488637eee696f59a877788a396d33150c35d842 \
    --hash=sha256:8e3ed142f2728df44263aaf5fb1f5b0b99f4070c553a0d7f033be65338329150 \
    --hash=sha256:93e15038125dc1e5345d9b5b68aa7f996ec33b98118d18c6ca0d0b7d6198b7e8 \
    --hash=sha256:989824e9faf85f96ec9c7761cd8d29c531ad857bfa1daa930cba85baaecf1a9a \
    --hash=sha256:99d838547ace2c4aace6c4f76e879ddfe02bb58a80c1549928477862b7a6d6ed \
    --hash=sha256:9b2aec6af35c113b05695ebb5749a787acd63cafc83086a05771d1e1cd1e555f \
    --hash=sha256:9c585a1790d5436a5374bac930dad6ed244c046ed91b2b2a3634eb2971d21008 \
    --hash=sha256:a7164afb23be6e37ad90b2f10426149fd75aee07ca55653d2aa41e66c4ef697e \
    --hash=sha256:ac6b31e35612a26483e20750126d30d0941f949426974cace8e6b5c58a3657b0 \
    --hash=sha256:ad2e2ef14e0b04e544ea2fa0a36463f847f113d314aa02e5b402fdf910ef309e \
    --hash=sha256:b268594bccac7d7cf5844c7732e3f20c50921d94e36d7ec9b79e9857694b1b2f \
    --hash=sha256:b5f0362dc928a6ecd9db58868fca5e48485205e3855957bdedea308f8672ea4a \
    --hash=sha256:ba1f4fc670ed79f876f70082eff4f9583c15fb9a4b89d6188412de4d18ae2f40 \
    --hash=sha256:ba203255017337d39f89bdd58417f03c4426f12beed0440cfd933cb15f8669c7 \
    --hash=sha256:c901b15172510173f5cb310eae652908340f8dede90fff9e3bf6c0d8dfd92f83 \
    --hash=sha256:c9b39d38a9bd2ae1becd7eac1303d031c5c110ad31f2b319c6e7d98b135c934d \
    --hash=sha256:d2a8490669bfe99a233298348acc2d824d496dee0e66e31b66a6022c2ad74a5c \
    --hash=sha256:dddbbd259598d7240b18c9d87c56a9d2fb3b02fe266f49a7c101532e78c1d871 \
    --hash=sha256:df3775294accfdd75f32c74ae39fcba920c9a378a2fc18a12b6820aa8c1fb502 \
    --hash=sha256:e44319a2953c738205bf3354537979eaa3998ed673395b964c1176083dd46252 \
    --hash=sha256:e4a010c27ff6f210ff4c6ef34394cd61470d01014439b192ec22552ee867f2a8 \
    --hash=sha256:e823b8b6edc81e747526f70f71a9c0a07ac4e7ad13020aa736bb7c9d67196115 \
    --hash=sha256:e892aff75639bbef0d2a2cfd55535510df26ff92f63c92cd84ef8d4ba5a5557f \
    --hash=sha256:eea7ac5d2dce4189771cedb559c738a71512768210dc4e4753b107a2048b3d0e \
    --hash=sha256:ef4059d6e5152fa1a39f888e344c73fdc926e1b2dd58c771d67b0acfbf2aa67d \
    --hash=sha256:f169b9a863d34f5d11b8698ead99febeaa17a13ca044961aa8e2662a6c7766a0 \
    --hash=sha256:f2cf083b324a467e1ab358c105f6cad5ea950f50524668a80c486ff1db24e119 \
    --hash=sha256:f8474c4241bc18b750be2abea9d7a9ec84f46ef861dbacf86a4f6e043401f79e \
    --hash=sha256:f983334aea213c99992053ede6168500e5f086ce74fbc4acc3f2b00f5762e9db \
    --hash=sha256:f9e75681b59ddaa5e659898085ae0eaea229d054f2ac0c7e563a62205a700121 \
    --hash=sha256:fbc356aae7adf9e6336d336b9c8111d390a05df88f1805573ebb0807bd06fd1d \
    --hash=sha256:fcfe2045fd2e8f3cb0ce9d4ba6dba6333b8fa05bb8a4939c908cd43322d14c7e
    # via
    #   iplaid (pyproject.toml)
    #   pandas
pandas==2.3.3 \
    --hash=sha256:0242fe9a49aa8b4d78a4fa03acb397a58833ef6199e9aa40a95f027bb3a1b6e7 \
    --hash=sha256:1611aedd912e1ff81ff41c745822980c49ce4a7907537be8692c8dbc31924593 \
    --hash=sha256:1b07204a219b3b7350abaae088f451860223a52cfb8a6c53358e7948735158e5 \
    --hash=sha256:1d37b5848ba49824e5c30bedb9c830ab9b7751fd049bc7914533e01c65f79791 \
    --hash=sha256:23ebd657a4d38268c7dfbdf089fbc31ea709d82e4923c5ffd4fbd5747133ce73 \
    --hash=sha256:2462b1a365b6109d275250baaae7b760fd25c726aaca0054649286bcfbb3e8ec \
    --hash=sha256:28083c648d9a99a5dd035ec125d42439c6c1c525098c58af0fc38dd1a7a1b3d4 \
    --hash=sha256:2e3ebdb170b5ef78f19bfb71b0dc5dc58775032361fa188e814959b74d726dd5 \
    --hash=sha256:318d77e0e42a628c04dc56bcef4b40de67918f7041c2b061af1da41dcff670ac \
    --hash=sha256:371a4ab48e950033bcf52b6527eccb564f52dc826c02afd9a1bc0ab731bba084 \
    --hash=sha256:376c6446ae31770764215a6c937f72d917f214b43560603cd60da6408f183b6c \
    --hash=sha256:3869faf4bd07b3b66a9f462417d0ca3a9df29a9f6abd5d0d0dbab15dac7abe87 \
    --hash=sha256:3fd2f887589c7aa868e02632612ba39acb0b8948faf5cc58f0850e165bd46f35 \
    --hash=sha256:4793891684806ae50d1288c9bae9330293ab4e083ccd1c5e383c34549c6e4250 \
    --hash=sha256:4e0a175408804d566144e170d0476b15d78458795bb18f1304fb94160cabf40c \
    --hash=sha256:503cf027cf9940d2ceaa1a93cfb5f8c8c7e6e90720a2850378f0b3f3b1e06826 \
    --hash=sha256:5554c929ccc317d41a5e3d1234f3be588248e61f08a74dd17c9eabb535777dc9 \
    --hash=sha256:56851a737e3470de7fa88e6131f41281ed440d29a9268dcbf0002da5ac366713 \
    --hash=sha256:5caf26f64126b6c7aec964f74266f435afef1c1b13da3b0636c7518a1fa3e2b1 \
    --hash=sha256:602b8615ebcc4a0c1751e71840428ddebeb142ec02c786e8ad6b1ce3c8dec523 \
    --hash=sha256:6253c72c6a1d990a410bc7de641d34053364ef8bcd3126f7e7450125887dffe3 \
    --hash=sha256:6435cb949cb34ec11cc9860246ccb2fdc9ecd742c12d3304989017d53f039a78 \
    --hash=sha256:6d21f6d74eb1725c2efaa71a2bfc661a0689579b58e9c0ca58a739ff0b002b53 \
    --hash=sha256:6d2cefc361461662ac48810cb14365a365ce864afe85ef1f447ff5a1e99ea81c \
    --hash=sha256:74ecdf1d301e812db96a465a525952f4dde225fdb6d8e5a521d47e1f42041e21 \
    --hash=sha256:75ea25f9529fdec2d2e93a42c523962261e567d250b0013b16210e1d40d7c2e5 \
    --hash=sha256:854d00d556406bffe66a4c0802f334c9ad5a96b4f1f868adf036a21b11ef13ff \
    --hash=sha256:8fe25fc7b623b0ef6b5009149627e34d2a4657e880948ec3c840e9402e5c1b45 \
    --hash=sha256:900f47d8f20860de523a1ac881c4c36d65efcb2eb850e6948140fa781736e110 \
    --hash=sha256:93c2d9ab0fc11822b5eece72ec9587e172f63cff87c00b062f6e37448ced4493 \
    --hash=sha256:a16dcec078a01eeef8ee61bf64074b4e524a2a3f4b3be9326420cabe59c4778b \
    --hash=sha256:a21d830e78df0a515db2b3d2f5570610f5e6bd2e27749770e8bb7b524b89b450 \
    --hash=sha256:a45c765238e2ed7d7c608fc5bc4a6f88b642f2f01e70c0c23d2224dd21829d86 \
    --hash=sha256:a637c5cdfa04b6d6e2ecedcb81fc52ffb0fd78ce2ebccc9ea964df9f658de8c8 \
    --hash=sha256:a68e15f780eddf2b07d242e17a04aa187a7ee12b40b930bfdd78070556550e98 \
    --hash=sha256:b3d11d2fda7eb164ef27ffc14b4fcab16a80e1ce67e9f57e19ec0afaf715ba89 \
    --hash=sha256:b468d3dad6ff947df92dcb32ede5b7bd41a9b3cceef0a30ed925f6d01fb8fa66 \
    --hash=sha256:b98560e98cb334799c0b07ca7967ac361a47326e9b4e5a7dfb5ab2b1c9d35a1b \
    --hash=sha256:bdcd9d1167f4885211e401b3036c0c8d9e274eee67ea8d0758a256d60704cfe8 \
    --hash=sha256:bf1f8a81d04ca90e32a0aceb819d34dbd378a98bf923b6398b9a3ec0bf44de29 \
    --hash=sha256:c46467899aaa4da076d5abc11084634e2d197e9460643dd455ac3db5856b24d6 \
    --hash=sha256:c4fc4c21971a1a9f4bdb4c73978c7f7256caa3e62b323f70d6cb80db583350bc \
    --hash=sha256:c503ba5216814e295f40711470446bc3fd00f0faea8a086cbc688808e26f92a2 \
    --hash=sha256:d051c0e065b94b7a3cea50eb1ec32e912cd96dba41647eb24104b6c6c14c5788 \
    --hash=sha256:d3e28b3e83862ccf4d85ff19cf8c20b2ae7e503881711ff2d534dc8f761131aa \
    --hash=sha256:db4301b2d1f926ae677a751eb2bd0e8c5f5319c9cb3f88b0becbbb0b07b34151 \
    --hash=sha256:dd7478f1463441ae4ca7308a70e90b33470fa593429f9d4c578dd00d1fa78838 \
    --hash=sha256:e05e1af93b977f7eafa636d043f9f94c7ee3ac81af99c13508215942e64c993b \
    --hash=sha256:e19d192383eab2f4ceb30b412b22ea30690c9e618f78870357ae1d682912015a \
    --hash=sha256:e32e7cc9af0f1cc15548288a51a3b681cc2a219faa838e995f7dc53dbab1062d \
    --hash=sha256:ecaf1e12bdc03c86ad4a7ea848d66c685cb6851d807a26aa245ca3d2017a1908 \
    --hash=sha256:ee15f284898e7b246df8087fc82b87b01686f98ee67d85a17b7ab44143a3a9a0 \
    --hash=sha256:ee67acbbf05014ea6c763beb097e03cd629961c8a632075eeb34247120abcb4b \
    --hash=sha256:f086f6fe114e19d92014a1966f43a3e62285109afe874f067f5abbdcbb10e59c \
    --hash=sha256:f8bfc0e12dc78f777f323f55c58649591b2cd0c43534e8355c51d3fede5f4dee
    # via iplaid (pyproject.toml)
pydantic==2.13.3 \
    --hash=sha256:6db14ac8dfc9a1e57f87ea2c0de670c251240f43cb0c30a5130e9720dc612927 \
    --hash=sha256:af09e9d1d09f4e7fe37145c1f577e1d61ceb9a41924bf0094a36506285d0a84d
    # via
    #   fastapi
    #   iplaid (pyproject.toml)
pydantic-core==2.46.3 \
    --hash=sha256:0087084960f209a9a4af50ecd1fb063d9ad3658c07bb81a7a53f452dacbfb2ba \
    --hash=sha256:031bb17f4885a43773c8c763089499f242aee2ea85cf17154168775dccdecf35 \
    --hash=sha256:06d5d8820cbbdb4147578c1fe7ffcd5b83f34508cb9f9ab76e807be7db6ff0a4 \
    --hash=sha256:07bc6d2a28c3adb4f7c6ae46aa4f2d2929af127f587ed44057af50bf1ce0f505 \
    --hash=sha256:0c9ff69140423eea8ed2d5477df3ba037f671f5e897d206d921bc9fdc39613e7 \
    --hash=sha256:1105677a6df914b1fb71a81b96c8cce7726857e1717d86001f29be06a25ee6f8 \
    --hash=sha256:1108da631e602e5b3c38d6d04fe5bb3bfa54349e6918e3ca6cf570b2e2b2f9d4 \
    --hash=sha256:12bc98de041458b80c86c56b24df1d23832f3e166cbaff011f25d187f5c62c37 \
    --hash=sha256:13afdd885f3d71280cf286b13b310ee0f7ccfefd1dbbb661514a474b726e2f25 \
    --hash=sha256:17eaface65d9fc5abb940003020309c1bf7a211f5f608d7870297c367e6f9022 \
    --hash=sha256:1da3786b8018e60349680720158cc19161cc3b4bdd815beb0a321cd5ce1ad5b1 \
    --hash=sha256:23cbdb3aaa74dfe0837975dbf69b469753bbde8eacace524519ffdb6b6e89eb7 \
    --hash=sha256:2798b6ba041b9d70acfb9071a2ea13c8456dd1e6a5555798e41ba7b0790e329c \
    --hash=sha256:27f9067c3bfadd04c55484b89c0d267981b2f3512850f6f66e1e74204a4e4ce3 \
    --hash=sha256:28b5f2ef03416facccb1c6ef744c69793175fd27e44ef15669201601cf423acb \
    --hash=sha256:28e8cf2f52d72ced402a137145923a762cbb5081e48b34312f7a0c8f55928ec3 \
    --hash=sha256:28ed528c45446062ee66edb1d33df5d88828ae167de76e773a3c7f64bd14e976 \
    --hash=sha256:2b8e4f2bbdf71415c544b4b1138b8060db7b6611bc927e8064c769f64bed651c \
    --hash=sha256:2f40e4246676beb31c5ce77c38a55ca4e465c6b38d11ea1bd935420568e0b1ab \
    --hash=sha256:3481bd1341dc85779ee506bc8e1196a277ace359d89d28588a9468c3ecbe63fa \
    --hash=sha256:3612edf65c8ea67ac13616c4d23af12faef1ae435a8a93e5934c2a0cbbdd1fd6 \
    --hash=sha256:367508faa4973b992b271ba1494acaab36eb7e8739d1e47be5035fb1ea225396 \
    --hash=sha256:3861f1731b90c50a3266316b9044f5c9b405eecb8e299b0a7120596334e4fe9c \
    --hash=sha256:3d08782c4045f90724b44c95d35ebec0d67edb8a957a2ac81d5a8e4b8a200495 \
    --hash=sha256:41c178f65b8c29807239d47e6050262eb6bf84eb695e41101e62e38df4a5bc2c \
    --hash=sha256:4335e87c7afa436a0dfa899e138d57a72f8aad542e2cf19c36fb428461caabd0 \
    --hash=sha256:4b068543bdb707f5d935dab765d99227aa2545ef2820935f2e5dd801795c7dbd \
    --hash=sha256:4de88889d7e88d50d40ee5b39d5dac0bcaef9ba91f7e536ac064e6b2834ecccf \
    --hash=sha256:4e9d76736da5f362fabfeea6a69b13b7f2be405c6d6966f06b2f6bfff7e64531 \
    --hash=sha256:57697d7c056aca4bbb680200f96563e841a6386ac1129370a0102592f4dddff5 \
    --hash=sha256:57a973eae4665352a47cf1a99b4ee864620f2fe663a217d7a8da68a1f3a5bfda \
    --hash=sha256:5ad3c826fe523e4becf4fe39baa44286cff85ef137c729a2c5e269afbfd0905d \
    --hash=sha256:5c024e08c0ba23e6fd68c771a521e9d6a792f2ebb0fa734296b36394dc30390e \
    --hash=sha256:5dcbbcf4d22210ced8f837c96db941bdb078f419543472aca5d9a0bb7cddc7df \
    --hash=sha256:5dfd51cf457482f04ec49491811a2b8fd5b843b64b11eecd2d7a1ee596ea78a6 \
    --hash=sha256:60e5f66e12c4f5212d08522963380eaaeac5ebd795826cfd19b2dfb0c7a52b9c \
    --hash=sha256:610eda2e3838f401105e6326ca304f5da1e15393ae25dacae5c5c63f2c275b13 \
    --hash=sha256:6529d1d128321a58d30afcc97b49e98836542f68dd41b33c2e972bb9e5290536 \
    --hash=sha256:6645ce7eec4928e29a1e3b3d5c946621d105d3e79f0c9cddf07c2a9770949287 \
    --hash=sha256:68cc7866ed863db34351294187f9b729964c371ba33e31c26f478471c52e1ed0 \
    --hash=sha256:68ef2f623dda6d5a9067ac014e406c020c780b2a358930a7e5c1b73702900720 \
    --hash=sha256:69a868ef3ff206343579021c40faf3b1edc64b1cc508ff243a28b0a514ccb050 \
    --hash=sha256:6dff8cc884679df229ebc6d8eb2321ea6f8e091bc7d4886d4dc2e0e71452843c \
    --hash=sha256:6e42d83d1c6b87fa56b521479cff237e626a292f3b31b6345c15a99121b454c1 \
    --hash=sha256:706d9d0ce9cf4593d07270d8e9f53b161f90c57d315aeec4fb4fd7a8b10240d8 \
    --hash=sha256:75a519dab6d63c514f3a81053e5266c549679e4aa88f6ec57f2b7b854aceb1b0 \
    --hash=sha256:77706aeb41df6a76568434701e0917da10692da28cb69d5fb6919ce5fdb07374 \
    --hash=sha256:79f561438481f28681584b89e2effb22855e2179880314bcddbf5968e935e807 \
    --hash=sha256:830d1247d77ad23852314f069e9d7ddafeec5f684baf9d7e7065ed46a049c4e6 \
    --hash=sha256:831eb19aa789a97356979e94c981e5667759301fb708d1c0d5adf1bc0098b873 \
    --hash=sha256:83d002b97072a53ea150d63e0a3adfae5670cef5aa8a6e490240e482d3b22e57 \
    --hash=sha256:85348b8f89d2c3508b65b16c3c33a4da22b8215138d8b996912bb1532868885f \
    --hash=sha256:8690eba565c6d68ffd3a8655525cbdd5246510b44a637ee2c6c03a7ebfe64d3c \
    --hash=sha256:87082cd65669a33adeba5470769e9704c7cf026cc30afb9cc77fd865578ebaad \
    --hash=sha256:8940562319bc621da30714617e6a7eaa6b98c84e8c685bcdc02d7ed5e7c7c44e \
    --hash=sha256:91249bcb7c165c2fb2a2f852dbc5c91636e2e218e75d96dfdd517e4078e173dd \
    --hash=sha256:93fd339f23408a07e98950a89644f92c54d8729719a40b30c0a30bb9ebc55d23 \
    --hash=sha256:9715525891ed524a0a1eb6d053c74d4d4ad5017677fb00af0b7c2644a31bae46 \
    --hash=sha256:975c267cff4f7e7272eacbe50f6cc03ca9a3da4c4fbd66fffd89c94c1e311aa1 \
    --hash=sha256:99421e7684a60f7f3550a1d159ade5fdff1954baedb6bdd407cba6a307c9f27d \
    --hash=sha256:9be3e221bdc6d69abf294dcf7aff6af19c31a5cdcc8f0aa3b14be29df4bd03b1 \
    --hash=sha256:9ce92e58abc722dac1bf835a6798a60b294e48eb0e625ec9fd994b932ac5feee \
    --hash=sha256:9d2e32edcc143bc01e95300671915d9ca052d4f745aa0a49c48d4803f8a85f2c \
    --hash=sha256:9d2f400712a99a013aff420ef1eb9be077f8189a36c1e3ef87660b4e1088a874 \
    --hash=sha256:9f247596366f4221af52beddd65af1218797771d6989bc891a0b86ccaa019168 \
    --hash=sha256:a03e6467f0f5ab796a486146d1b887b2dc5e5f9b3288898c1b1c3ad974e53e4a \
    --hash=sha256:a35cc284c8dd7edae8a31533713b4d2467dfe7c4f1b5587dd4031f28f90d1d13 \
    --hash=sha256:a3b11c812f61b3129c4905781a2601dfdfdea5fe1e6c1cfb696b55d14e9c054f \
    --hash=sha256:a642ac886ecf6402d9882d10c405dcf4b902abeb2972cd5fb4a48c83cd59279a \
    --hash=sha256:a6cd87cb1575b1ad05ba98894c5b5c96411ef678fa2f6ed2576607095b8d9789 \
    --hash=sha256:a712c7118e6c5ea96562f7b488435172abb94a3c53c22c9efc1412264a45cbbe \
    --hash=sha256:a7610b6a5242a6c736d8ad47fd5fff87fcfe8f833b281b1c409c3d6835d9227f \
    --hash=sha256:ab124d49d0459b2373ecf54118a45c28a1e6d4192a533fbc915e70f556feb8e5 \
    --hash=sha256:ac5ec7fb9b87f04ee839af2d53bcadea57ded7d229719f56c0ed895bff987943 \
    --hash=sha256:aed19d0c783886d5bd86d80ae5030006b45e28464218747dcf83dabfdd092c7b \
    --hash=sha256:af8653713055ea18a3abc1537fe2ebc42f5b0bbb768d1eb79fd74eb47c0ac089 \
    --hash=sha256:afa3aa644f74e290cdede48a7b0bee37d1c35e71b05105f6b340d484af536d9b \
    --hash=sha256:b00b76f7142fc60c762ce579bd29c8fa44aaa56592dd3c54fab3928d0d4ca6ff \
    --hash=sha256:b11b59b3eee90a80a36701ddb4576d9ae31f93f05cb9e277ceaa09e6bf074a67 \
    --hash=sha256:b12dd51f1187c2eb489af8e20f880362db98e954b54ab792fa5d92e8bcc6b803 \
    --hash=sha256:b40ddd51e7c44b28cfaef746c9d3c506d658885e0a46f9eeef2ee815cbf8e045 \
    --hash=sha256:b504bda01bafc69b6d3c7a0c7f039dcf60f47fab70e06fe23f57b5c75bdc82b8 \
    --hash=sha256:b5b9c6cf08a8a5e502698f5e153056d12c34b8fb30317e0c5fd06f45162a6346 \
    --hash=sha256:b675ab0a0d5b1c8fdb81195dc5bcefea3f3c240871cdd7ff9a2de8aa50772eb2 \
    --hash=sha256:b6cdf19bf84128d5e7c37e8a73a0c5c10d51103a650ac585d42dd6ae233f2b7f \
    --hash=sha256:bcf2a8b2982a6673693eae7348ef3d8cf3979c1d63b54fca7c397a635cc68687 \
    --hash=sha256:bd2aab0e2e9dc2daf36bd2686c982535d5e7b1d930a1344a7bb6e82baab42a76 \
    --hash=sha256:c3212fda0ee959c1dd04c60b601ec31097aaa893573a3a1abd0a47bcac2968c1 \
    --hash=sha256:cc0988cb29d21bf4a9d5cf2ef970b5c0e38d8d8e107a493278c05dc6c1dda69f \
    --hash=sha256:cc7e8c32db809aa0f6ea1d6869ebc8518a65d5150fdfad8bcae6a49ae32a22e2 \
    --hash=sha256:cca67d52a5c7a16aed2b3999e719c4bcf644074eac304a5d3d62dd70ae7d4b2c \
    --hash=sha256:ced3310e51aa425f7f77da8bbbb5212616655bedbe82c70944320bc1dbe5e018 \
    --hash=sha256:cf489cf8986c543939aeee17a09c04d6ffb43bfef8ca16fcbcc5cfdcbed24dba \
    --hash=sha256:d0793c90c1a3c74966e7975eaef3ed30ebdff3260a0f815a62a22adc17e4c01c \
    --hash=sha256:d0fe3dce1e836e418f912c1ad91c73357d03e556a4d286f441bf34fed2dbeecf \
    --hash=sha256:d11058e3201527d41bc6b545c79187c9e4bf85e15a236a6007f0e991518882b7 \
    --hash=sha256:d2d0aead851b66f5245ec0c4fb2612ef457f8bbafefdf65a2bf9d6bac6140f47 \
    --hash=sha256:d56bdb4af1767cc15b0386b3c581fdfe659bb9ee4a4f776e92c1cd9d074000d6 \
    --hash=sha256:dcda6583921c05a40533f982321532f2d8db29326c7b95c4026941fa5074bd79 \
    --hash=sha256:dd81f6907932ebac3abbe41378dac64b2380db1287e2aa64d8d88f78d170f51a \
    --hash=sha256:de3a5c376f8cd94da9a1b8fd3dd1c16c7a7b216ed31dc8ce9fd7a22bf13b836e \
    --hash=sha256:de885175515bcfa98ae618c1df7a072f13d179f81376c8007112af20567fd08a \
    --hash=sha256:e29908922ce9da1a30b4da490bd1d3d82c01dcfdf864d2a74aacee674d0bfa34 \
    --hash=sha256:e480080975c1ef7f780b8f99ed72337e7cc5efea2e518a20a692e8e7b278eb8b \
    --hash=sha256:e61ea8e9fff9606d09178f577ff8ccdd7206ff73d6552bcec18e1033c4254b85 \
    --hash=sha256:ec638c5d194ef8af27db69f16c954a09797c0dc25015ad6123eb2c73a4d271ca \
    --hash=sha256:ed42e6cc8e1b0e2b9b96e2276bad70ae625d10d6d524aed0c93de974ae029f9f \
    --hash=sha256:f00a0961b125f1a47af7bcc17f00782e12f4cd056f83416006b30111d941dfa3 \
    --hash=sha256:f13936129ce841f2a5ddf6f126fea3c43cd128807b5a59588c37cf10178c2e64 \
    --hash=sha256:f1771ce258afb3e4201e67d154edbbae712a76a6081079fe247c2f53c6322c22 \
    --hash=sha256:f1f8338dd7a7f31761f1f1a3c47503a9a3b34eea3c8b01fa6ee96408affb5e72 \
    --hash=sha256:f64b5537ac62b231572879cd08ec05600308636a5d63bcbdb15063a466977bec \
    --hash=sha256:f80a55484b8d843c8ada81ebf70a682f3f00a3d40e378c06cf17ecb44d280d7d \
    --hash=sha256:f91c0aff3e3ee0928edd1232c57f643a7a003e6edf1860bc3afcdc749cb513f3 \
    --hash=sha256:fa3eb7c2995aa443687a825bc30395c8521b7c6ec201966e55debfd1128bcceb \
    --hash=sha256:fb528e295ed31570ac3dcc9bfdd6e0150bc11ce6168ac87a8082055cf1a67395 \
    --hash=sha256:fc331a5314ffddd5385b9ee9d0d2fee0b13c27e0e02dad71b1ae5d6561f51eeb \
    --hash=sha256:fd35aa21299def8db7ef4fe5c4ff862941a9a158ca7b63d61e66fe67d30416b4 \
    --hash=sha256:ff5e7783bcc5476e1db448bf268f11cb257b1c276d3e89f00b5727be86dd0127 \
    --hash=sha256:ffe0883b56cfc05798bf994164d2b2ff03efe2d22022a2bb080f3b626176dd56
    # via pydantic
python-dateutil==2.9.0.post0 \
    --hash=sha256:37dd54208da7e1cd875388217d5e00ebd4179249f90fb72437e91a35459a0ad3 \
    --hash=sha256:a8b2bc7bffae282281c8140a97d3aa9c14da0b136dfe83f850eea9a5f7470427
    # via pandas
python-multipart==0.0.26 \
    --hash=sha256:08fadc45918cd615e26846437f50c5d6d23304da32c341f289a617127b081f17 \
    --hash=sha256:c0b169f8c4484c13b0dcf2ef0ec3a4adb255c4b7d18d8e420477d2b1dd03f185
    # via iplaid (pyproject.toml)
pytz==2026.1.post1 \
    --hash=sha256:3378dde6a0c3d26719182142c56e60c7f9af7e968076f31aae569d72a0358ee1 \
    --hash=sha256:f2fd16142fda348286a75e1a524be810bb05d444e5a081f37f7affc635035f7a
    # via pandas
six==1.17.0 \
    --hash=sha256:4721f391ed90541fddacab5acf947aa0d3dc7d27b2e1e8eda2be8970586c3274 \
    --hash=sha256:ff70335d468e7eb6ec65b95b99d3a2836546063f63acc5171de367e834932a81
    # via python-dateutil
starlette==1.0.0 \
    --hash=sha256:6a4beaf1f81bb472fd19ea9b918b50dc3a77a6f2e190a12954b25e6ed5eea149 \
    --hash=sha256:d3ec55e0bb321692d275455ddfd3df75fff145d009685eb40dc91fc66b03d38b
    # via fastapi
typing-extensions==4.15.0 \
    --hash=sha256:0cea48d173cc12fa28ecabc3b837ea3cf6f38c6d1136f85cbaaf598984861466 \
    --hash=sha256:f0fa19c6845758ab08074a0cfa8b7aecb71c999ca73d62883bc25cc018c4e548
    # via
    #   anyio
    #   fastapi
    #   pydantic
    #   pydantic-core
    #   starlette
    #   typing-inspection
typing-inspection==0.4.2 \
    --hash=sha256:4ed1cacbdc298c220f1bd249ed5287caa16f34d44ef4e9c3d0cbad5b521545e7 \
    --hash=sha256:ba561c48a67c5958007083d386c3295464928b01faa735ab8547c5692e87f464
    # via
    #   fastapi
    #   pydantic
tzdata==2026.2 \
    --hash=sha256:9173fde7d80d9018e02a662e168e5a2d04f87c41ea174b139fbef642eda62d10 \
    --hash=sha256:bbe9af844f658da81a5f95019480da3a89415801f6cc966806612cc7169bffe7
    # via pandas
uvicorn==0.46.0 \
    --hash=sha256:bbebbcbed972d162afca128605223022bedd345b7bc7855ce66deb31487a9048 \
    --hash=sha256:fb9da0926999cc6cb22dc7cd71a94a632f078e6ae47ff683c5c420750fb7413d
    # via iplaid (pyproject.toml)
